# This file is autogenerated, do not edit; changes may be undone by the next 'dep ensure'.


[[projects]]
  branch = "develop"
  digest = "1:233f3210863aff1cb454d6f49430ab8a0743b9d8b3b80e445f2dce347986df3c"
  name = "github.com/Ankr-network/dccn-common"
  packages = [
    "ankr-micro",
    "broker",
    "broker/rabbitmq",
    "config",
    "db",
    "protos",
    "protos/appmgr/v1/grpc",
    "protos/common",
    "protos/teammgr/v1/grpc",
    "protos/usermgr/v1/grpc",
    "util",
  ]
  pruneopts = "UT"
  revision = "08b13d31ac765fba63f306a94fa5e08bfea417fe"

[[projects]]
  digest = "1:9f3b30d9f8e0d7040f729b82dcbc8f0dead820a133b3147ce355fc451f32d761"
  name = "github.com/BurntSushi/toml"
  packages = ["."]
  pruneopts = "UT"
  revision = "3012a1dbe2e4bd1391d42b32f0577cb7bbc7f005"
  version = "v0.3.1"

[[projects]]
  digest = "1:55388fd080150b9a072912f97b1f5891eb0b50df43401f8b75fb4273d3fec9fc"
  name = "github.com/Masterminds/semver"
  packages = ["."]
  pruneopts = "UT"
  revision = "c7af12943936e8c39859482e61f0574c2fd7fc75"
  version = "v1.4.2"

[[projects]]
  digest = "1:ec66ad050342a3573ed2f5a4337d51b4c6d5d2a717cc6c9ecf86b081235a5759"
  name = "github.com/cyphar/filepath-securejoin"
  packages = ["."]
  pruneopts = "UT"
  revision = "a261ee33d7a517f054effbf451841abaafe3e0fd"
  version = "v0.2.2"

[[projects]]
  digest = "1:76dc72490af7174349349838f2fe118996381b31ea83243812a97e5a0fd5ed55"
  name = "github.com/dgrijalva/jwt-go"
  packages = ["."]
  pruneopts = "UT"
  revision = "06ea1031745cb8b3dab3f6a236daf2b0aa468b7e"
  version = "v3.2.0"

[[projects]]
  digest = "1:2cd7915ab26ede7d95b8749e6b1f933f1c6d5398030684e6505940a10f31cfda"
  name = "github.com/ghodss/yaml"
  packages = ["."]
  pruneopts = "UT"
  revision = "0ca9ea5df5451ffdf184b4428c902747c2c11cd7"
  version = "v1.0.0"

[[projects]]
  digest = "1:9ae31ce33b4bab257668963e844d98765b44160be4ee98cafc44637a213e530d"
  name = "github.com/gobwas/glob"
  packages = [
    ".",
    "compiler",
    "match",
    "syntax",
    "syntax/ast",
    "syntax/lexer",
    "util/runes",
    "util/strings",
  ]
  pruneopts = "UT"
  revision = "5ccd90ef52e1e632236f7326478d4faa74f99438"
  version = "v0.2.3"

[[projects]]
  digest = "1:7ade0e7351787347d3dd3456abb365fd71ea75c19a859505e6a427064e1f9e42"
  name = "github.com/golang/protobuf"
  packages = [
    "proto",
    "protoc-gen-go/descriptor",
    "ptypes",
    "ptypes/any",
    "ptypes/duration",
    "ptypes/timestamp",
  ]
  pruneopts = "UT"
  revision = "6c65a5562fc06764971b7c5d05c76c75e84bdbf7"
  version = "v1.3.2"

[[projects]]
  digest = "1:e4f5819333ac698d294fe04dbf640f84719658d5c7ce195b10060cc37292ce79"
  name = "github.com/golang/snappy"
  packages = ["."]
  pruneopts = "UT"
  revision = "2a8bb927dd31d8daada140a5d09578521ce5c36a"
  version = "v0.0.1"

[[projects]]
  digest = "1:582b704bebaa06b48c29b0cec224a6058a09c86883aaddabde889cd1a5f73e1b"
  name = "github.com/google/uuid"
  packages = ["."]
  pruneopts = "UT"
  revision = "0cd6bf5da1e1c83f8b45653022c74f71af0538a4"
  version = "v1.1.1"

[[projects]]
  digest = "1:0ade334594e69404d80d9d323445d2297ff8161637f9b2d347cc6973d2d6f05b"
  name = "github.com/hashicorp/errwrap"
  packages = ["."]
  pruneopts = "UT"
  revision = "8a6fb523712970c966eefc6b39ed2c5e74880354"
  version = "v1.0.0"

[[projects]]
  digest = "1:af105c7c5dc0b4ae41991f122cae860b9600f7d226072c2a83127048c991660c"
  name = "github.com/hashicorp/go-cleanhttp"
  packages = ["."]
  pruneopts = "UT"
  revision = "eda1e5db218aad1db63ca4642c8906b26bcf2744"
  version = "v0.5.1"

[[projects]]
  digest = "1:cf6b61e1b4c26b0c7526cee4a0cee6d8302b17798af4b2a56a90eedac0aef11a"
  name = "github.com/hashicorp/go-hclog"
  packages = ["."]
  pruneopts = "UT"
  revision = "5ccdce08c75b6c7b37af61159f13f6a4f5e2e928"
  version = "v0.9.2"

[[projects]]
  digest = "1:f668349b83f7d779567c880550534addeca7ebadfdcf44b0b9c39be61864b4b7"
  name = "github.com/hashicorp/go-multierror"
  packages = ["."]
  pruneopts = "UT"
  revision = "886a7fbe3eb1c874d46f623bfa70af45f425b3d1"
  version = "v1.0.0"

[[projects]]
  digest = "1:bc4393e7d030ef4a548d9643997e2ae9064ed93d7ed140569b27336ee3b77464"
  name = "github.com/hashicorp/go-retryablehttp"
  packages = ["."]
  pruneopts = "UT"
  revision = "a83ad44d6a5fc343d7c4babf601092b3c189f402"
  version = "v0.6.2"

[[projects]]
  digest = "1:7b893c9e1181e224506c523777dea0d16f4bd20a7627b100cc800e14229f405c"
  name = "github.com/hashicorp/go-rootcerts"
  packages = ["."]
  pruneopts = "UT"
  revision = "df8e78a645e18d56ed7bb9ae10ffb8174ab892e2"
  version = "v1.0.1"

[[projects]]
  digest = "1:8abc57884881876d02f467bb7d4ed7ce3a58dac3f8f7ba60579ce4ffc6afd7e1"
  name = "github.com/hashicorp/go-sockaddr"
  packages = ["."]
  pruneopts = "UT"
  revision = "c7188e74f6acae5a989bdc959aa779f8b9f42faf"
  version = "v1.0.2"

[[projects]]
  digest = "1:ea40c24cdbacd054a6ae9de03e62c5f252479b96c716375aace5c120d68647c8"
  name = "github.com/hashicorp/hcl"
  packages = [
    ".",
    "hcl/ast",
    "hcl/parser",
    "hcl/scanner",
    "hcl/strconv",
    "hcl/token",
    "json/parser",
    "json/scanner",
    "json/token",
  ]
  pruneopts = "UT"
  revision = "8cb6e5b959231cc1119e43259c4a608f9c51a241"
  version = "v1.0.0"

[[projects]]
  digest = "1:d22f47ec7404382d5d99152ae979ca0cc7a740839b1520c645747acb0b4c5391"
  name = "github.com/hashicorp/vault"
  packages = [
    "api",
    "sdk/helper/compressutil",
    "sdk/helper/consts",
    "sdk/helper/hclutil",
    "sdk/helper/jsonutil",
    "sdk/helper/parseutil",
    "sdk/helper/strutil",
  ]
  pruneopts = "UT"
  revision = "a1a5f0d798d4181778259403fae0802fff46915a"
  version = "v1.2.2"

[[projects]]
  digest = "1:5d231480e1c64a726869bc4142d270184c419749d34f167646baa21008eb0a79"
  name = "github.com/mitchellh/go-homedir"
  packages = ["."]
  pruneopts = "UT"
  revision = "af06845cf3004701891bf4fdb884bfe4920b3727"
  version = "v1.1.0"

[[projects]]
  digest = "1:53bc4cd4914cd7cd52139990d5170d6dc99067ae31c56530621b18b35fc30318"
  name = "github.com/mitchellh/mapstructure"
  packages = ["."]
  pruneopts = "UT"
  revision = "3536a929edddb9a5b34bd6861dc4a9647cb459fe"
  version = "v1.1.2"

[[projects]]
  digest = "1:cef870622e603ac1305922eb5d380455cad27e354355ae7a855d8633ffa66197"
  name = "github.com/pierrec/lz4"
  packages = [
    ".",
    "internal/xxh32",
  ]
  pruneopts = "UT"
  revision = "645f9b948eee34cbcc335c70999f79c29c420fbf"
  version = "v2.3.0"

[[projects]]
  digest = "1:cf31692c14422fa27c83a05292eb5cbe0fb2775972e8f1f8446a71549bd8980b"
  name = "github.com/pkg/errors"
  packages = ["."]
  pruneopts = "UT"
  revision = "ba968bfe8b2f7e042a574c888954fccecfa385b4"
  version = "v0.8.1"

[[projects]]
  digest = "1:6baa565fe16f8657cf93469b2b8a6c61a277827734400d27e44d589547297279"
  name = "github.com/ryanuber/go-glob"
  packages = ["."]
  pruneopts = "UT"
  revision = "51a8f68e6c24dc43f1e371749c89a267de4ebc53"
  version = "v1.0.0"

[[projects]]
  branch = "master"
  digest = "1:523f246a749e007dff099d654ec713cf94cd0f441bce9072ceaa1af62722d225"
  name = "github.com/streadway/amqp"
  packages = ["."]
  pruneopts = "UT"
  revision = "eade30b20f1d77d4ab7a3c72d5e3a3331b6443ba"

[[projects]]
  branch = "master"
  digest = "1:5cdf4eb6946922ebe638b90e548e1a86085b778d9daf0889951b39f44e6bbe6c"
  name = "golang.org/x/crypto"
  packages = [
    "ed25519",
    "ed25519/internal/edwards25519",
    "pbkdf2",
  ]
  pruneopts = "UT"
  revision = "227b76d455e791cb042b03e633e2f7fbcfdf74a5"

[[projects]]
  branch = "master"
  digest = "1:082ed090a1aedec21b660263f98f72582e431b56e8e27b88cc00faa1510fde14"
  name = "golang.org/x/net"
  packages = [
    "context",
    "http/httpguts",
    "http2",
    "http2/hpack",
    "idna",
    "internal/timeseries",
    "trace",
  ]
  pruneopts = "UT"
  revision = "74dc4d7220e7acc4e100824340f3e66577424772"

[[projects]]
  branch = "master"
  digest = "1:47844666be86089349a441f5f0ece22f42a87a8cb8c9a31294c593f43209ad19"
  name = "golang.org/x/sys"
  packages = ["unix"]
  pruneopts = "UT"
  revision = "fde4db37ae7ad8191b03d30d27f258b5291ae4e3"

[[projects]]
  digest = "1:8d8faad6b12a3a4c819a3f9618cb6ee1fa1cfc33253abeeea8b55336721e3405"
  name = "golang.org/x/text"
  packages = [
    "collate",
    "collate/build",
    "internal/colltab",
    "internal/gen",
    "internal/language",
    "internal/language/compact",
    "internal/tag",
    "internal/triegen",
    "internal/ucd",
    "language",
    "secure/bidirule",
    "transform",
    "unicode/bidi",
    "unicode/cldr",
    "unicode/norm",
    "unicode/rangetable",
  ]
  pruneopts = "UT"
  revision = "342b2e1fbaa52c93f31447ad2c6abc048c63e475"
  version = "v0.3.2"

[[projects]]
  branch = "master"
  digest = "1:9fdc2b55e8e0fafe4b41884091e51e77344f7dc511c5acedcfd98200003bff90"
  name = "golang.org/x/time"
  packages = ["rate"]
  pruneopts = "UT"
  revision = "9d24e82272b4f38b78bc8cff74fa936d31ccd8ef"

[[projects]]
  branch = "master"
  digest = "1:583a0c80f5e3a9343d33aea4aead1e1afcc0043db66fdf961ddd1fe8cd3a4faf"
  name = "google.golang.org/genproto"
  packages = ["googleapis/rpc/status"]
  pruneopts = "UT"
  revision = "24fa4b261c55da65468f2abfdae2b024eef27dfb"

[[projects]]
  digest = "1:4f01d2d6492b8926086b09690d0d64244d90ebc6dee6cf3c2277431b78709989"
  name = "google.golang.org/grpc"
  packages = [
    ".",
    "balancer",
    "balancer/base",
    "balancer/roundrobin",
    "binarylog/grpc_binarylog_v1",
    "codes",
    "connectivity",
    "credentials",
    "credentials/internal",
    "encoding",
    "encoding/proto",
    "grpclog",
    "internal",
    "internal/backoff",
    "internal/balancerload",
    "internal/binarylog",
    "internal/channelz",
    "internal/envconfig",
    "internal/grpcrand",
    "internal/grpcsync",
    "internal/syscall",
    "internal/transport",
    "keepalive",
    "metadata",
    "naming",
    "peer",
    "reflection",
    "reflection/grpc_reflection_v1alpha",
    "resolver",
    "resolver/dns",
    "resolver/passthrough",
    "serviceconfig",
    "stats",
    "status",
    "tap",
  ]
  pruneopts = "UT"
  revision = "6eaf6f47437a6b4e2153a190160ef39a92c7eceb"
  version = "v1.23.0"

[[projects]]
  branch = "v2"
  digest = "1:4af24de1cba937fb5ef082e8860a47fd46282e6863c01930359368ee121e3114"
  name = "gopkg.in/mgo.v2"
  packages = [
    ".",
    "bson",
    "internal/json",
    "internal/sasl",
    "internal/scram",
  ]
  pruneopts = "UT"
  revision = "a6b53ec6cb22a3699387a57a161566f9402ee85b"

[[projects]]
  digest = "1:9593bab40e981b1f90b7e07faeab0d09b75fe338880d08880f986a9d3283c53f"
  name = "gopkg.in/square/go-jose.v2"
  packages = [
    ".",
    "cipher",
    "json",
    "jwt",
  ]
  pruneopts = "UT"
  revision = "730df5f748271903322feb182be83b43ebbbe27d"
  version = "v2.3.1"

[[projects]]
  digest = "1:4d2e5a73dc1500038e504a8d78b986630e3626dc027bc030ba5c75da257cdb96"
  name = "gopkg.in/yaml.v2"
  packages = ["."]
  pruneopts = "UT"
  revision = "51d6538a90f86fe93ac480b35f37b2be17fef232"
  version = "v2.2.2"

[[projects]]
  branch = "master"
  digest = "1:0e8d6e7db54dd63de1caa7e00306a9d44c658287cf59fba915218a69e39f5de1"
  name = "k8s.io/apimachinery"
  packages = ["pkg/version"]
  pruneopts = "UT"
  revision = "8ca64af22337b053ca4477f52d2fb15ebde43eee"

[[projects]]
  digest = "1:8453e43a8cd9a01812e29b91a9682f238adb9015a105a7fa574f43acc4ca74bc"
  name = "k8s.io/helm"
  packages = [
    "pkg/chartutil",
    "pkg/ignore",
    "pkg/proto/hapi/chart",
    "pkg/proto/hapi/version",
    "pkg/sympath",
    "pkg/version",
  ]
  pruneopts = "UT"
  revision = "0e7f3b6637f7af8fcfddb3d2941fcc7cbebb0085"
  version = "v2.14.3"

[solve-meta]
  analyzer-name = "dep"
  analyzer-version = 1
  input-imports = [
    "github.com/Ankr-network/dccn-common/ankr-micro",
    "github.com/Ankr-network/dccn-common/broker",
    "github.com/Ankr-network/dccn-common/broker/rabbitmq",
    "github.com/Ankr-network/dccn-common/db",
    "github.com/Ankr-network/dccn-common/protos",
    "github.com/Ankr-network/dccn-common/protos/appmgr/v1/grpc",
    "github.com/Ankr-network/dccn-common/protos/common",
    "github.com/Ankr-network/dccn-common/protos/usermgr/v1/grpc",
    "github.com/Ankr-network/dccn-common/util",
    "github.com/Masterminds/semver",
    "github.com/golang/protobuf/ptypes/timestamp",
    "github.com/google/uuid",
    "google.golang.org/grpc",
    "google.golang.org/grpc/metadata",
    "google.golang.org/grpc/status",
    "gopkg.in/mgo.v2",
    "gopkg.in/mgo.v2/bson",
    "k8s.io/helm/pkg/chartutil",
    "k8s.io/helm/pkg/proto/hapi/chart",
  ]
  solver-name = "gps-cdcl"
  solver-version = 1
